
Microsoft Visual Studio Solution File, Format Version 12.00
# Visual Studio 15
VisualStudioVersion = 15.0.26124.0
MinimumVisualStudioVersion = 15.0.26124.0
Project("{9A19103F-16F7-4668-BE54-9A1E7A4F7556}") = "AwsSigning", "Signer\AwsSigning.csproj", "{CDEB8F31-7653-4AD9-B4EB-175F21AC080D}"
EndProject
Project("{9A19103F-16F7-4668-BE54-9A1E7A4F7556}") = "Tests", "Tests\Tests.csproj", "{8672C014-5E7C-44F1-8789-079FF22DD0CE}"
EndProject
Global
	GlobalSection(SolutionConfigurationPlatforms) = preSolution
		Debug|Any CPU = Debug|Any CPU
		Debug|x64 = Debug|x64
		Debug|x86 = Debug|x86
		Release|Any CPU = Release|Any CPU
		Release|x64 = Release|x64
		Release|x86 = Release|x86
	EndGlobalSection
	GlobalSection(ProjectConfigurationPlatforms) = postSolution
		{CDEB8F31-7653-4AD9-B4EB-175F21AC080D}.Debug|Any CPU.ActiveCfg = Debug|Any CPU
		{CDEB8F31-7653-4AD9-B4EB-175F21AC080D}.Debug|Any CPU.Build.0 = Debug|Any CPU
		{CDEB8F31-7653-4AD9-B4EB-175F21AC080D}.Debug|x64.ActiveCfg = Debug|Any CPU
		{CDEB8F31-7653-4AD9-B4EB-175F21AC080D}.Debug|x64.Build.0 = Debug|Any CPU
		{CDEB8F31-7653-4AD9-B4EB-175F21AC080D}.Debug|x86.ActiveCfg = Debug|Any CPU
		{CDEB8F31-7653-4AD9-B4EB-175F21AC080D}.Debug|x86.Build.0 = Debug|Any CPU
		{CDEB8F31-7653-4AD9-B4EB-175F21AC080D}.Release|Any CPU.ActiveCfg = Release|Any CPU
		{CDEB8F31-7653-4AD9-B4EB-175F21AC080D}.Release|Any CPU.Build.0 = Release|Any CPU
		{CDEB8F31-7653-4AD9-B4EB-175F21AC080D}.Release|x64.ActiveCfg = Release|Any CPU
		{CDEB8F31-7653-4AD9-B4EB-175F21AC080D}.Release|x64.Build.0 = Release|Any CPU
		{CDEB8F31-7653-4AD9-B4EB-175F21AC080D}.Release|x86.ActiveCfg = Release|Any CPU
		{CDEB8F31-7653-4AD9-B4EB-175F21AC080D}.Release|x86.Build.0 = Release|Any CPU
		{8672C014-5E7C-44F1-8789-079FF22DD0CE}.Debug|Any CPU.ActiveCfg = Debug|Any CPU
		{8672C014-5E7C-44F1-8789-079FF22DD0CE}.Debug|Any CPU.Build.0 = Debug|Any CPU
		{8672C014-5E7C-44F1-8789-079FF22DD0CE}.Debug|x64.ActiveCfg = Debug|Any CPU
		{8672C014-5E7C-44F1-8789-079FF22DD0CE}.Debug|x64.Build.0 = Debug|Any CPU
		{8672C014-5E7C-44F1-8789-079FF22DD0CE}.Debug|x86.ActiveCfg = Debug|Any CPU
		{8672C014-5E7C-44F1-8789-079FF22DD0CE}.Debug|x86.Build.0 = Debug|Any CPU
		{8672C014-5E7C-44F1-8789-079FF22DD0CE}.Release|Any CPU.ActiveCfg = Release|Any CPU
		{8672C014-5E7C-44F1-8789-079FF22DD0CE}.Release|Any CPU.Build.0 = Release|Any CPU
		{8672C014-5E7C-44F1-8789-079FF22DD0CE}.Release|x64.ActiveCfg = Release|Any CPU
		{8672C014-5E7C-44F1-8789-079FF22DD0CE}.Release|x64.Build.0 = Release|Any CPU
		{8672C014-5E7C-44F1-8789-079FF22DD0CE}.Release|x86.ActiveCfg = Release|Any CPU
		{8672C014-5E7C-44F1-8789-079FF22DD0CE}.Release|x86.Build.0 = Release|Any CPU
	EndGlobalSection
	GlobalSection(SolutionProperties) = preSolution
		HideSolutionNode = FALSE
	EndGlobalSection
	GlobalSection(ExtensibilityGlobals) = postSolution
		SolutionGuid = {1CD1F490-758F-4F89-8F66-68E69479E026}
	EndGlobalSection
EndGlobal
